
Microsoft Visual Studio Solution File, Format Version 12.00
# Visual Studio Version 16
VisualStudioVersion = 16.0.31424.327
MinimumVisualStudioVersion = 10.0.40219.1
Project("{FAE04EC0-301F-11D3-BF4B-00C04F79EFBC}") = "ScreenShake_Vegas", "ScreenShake_Vegas.csproj", "{46C962A3-E43E-4ABF-B78E-7252773DA280}"
EndProject
Global
	GlobalSection(SolutionConfigurationPlatforms) = preSolution
		Debug|Any CPU = Debug|Any CPU
		Release|Any CPU = Release|Any CPU
	EndGlobalSection
	GlobalSection(ProjectConfigurationPlatforms) = postSolution
		{46C962A3-E43E-4ABF-B78E-7252773DA280}.Debug|Any CPU.ActiveCfg = Debug|Any CPU
		{46C962A3-E43E-4ABF-B78E-7252773DA280}.Debug|Any CPU.Build.0 = Debug|Any CPU
		{46C962A3-E43E-4ABF-B78E-7252773DA280}.Release|Any CPU.ActiveCfg = Release|Any CPU
		{46C962A3-E43E-4ABF-B78E-7252773DA280}.Release|Any CPU.Build.0 = Release|Any CPU
	EndGlobalSection
	GlobalSection(SolutionProperties) = preSolution
		HideSolutionNode = FALSE
	EndGlobalSection
	GlobalSection(ExtensibilityGlobals) = postSolution
		SolutionGuid = {BAB2BE20-315B-4BF7-90AB-F9E80936A601}
	EndGlobalSection
EndGlobal
